<Solution>
  <Folder Name="/src/">
    <Project Path="src/RedisClone.CLI.Tests/RedisClone.CLI.Tests.csproj" Id="562f46ec-95da-4c4d-988d-ad331d47bea9" />
    <Project Path="src/RedisClone.CLI/RedisClone.CLI.csproj" />
  </Folder>
  <Project Path="docker-compose.dcproj">
    <Build />
  </Project>
</Solution>
